PODS:
  - nRFMeshProvision (2.2.3):
    - OpenSSL-Universal (= 1.0.2.19)
  - OpenSSL-Universal (1.0.2.19):
    - OpenSSL-Universal/Static (= 1.0.2.19)
  - OpenSSL-Universal/Static (1.0.2.19)

DEPENDENCIES:
  - nRFMeshProvision (= 2.2.3)
  - OpenSSL-Universal (= 1.0.2.19)

SPEC REPOS:
  trunk:
    - nRFMeshProvision
    - OpenSSL-Universal

SPEC CHECKSUMS:
  nRFMeshProvision: ecb20ce595bb421f2350e539f05d7391dd507724
  OpenSSL-Universal: 8b48cc0d10c1b2923617dfe5c178aa9ed2689355

PODFILE CHECKSUM: b0fc274e4a20eeeae07fe43f0ed93ca868234743

COCOAPODS: 1.9.3
